// !$*UTF8*$!
{
	archiveVersion = 1;
	classes = {
	};
	objectVersion = 50;
	objects = {

/* Begin PBXBuildFile section */
		BA0AE09825C4CB1600FBE2EC /* AppDelegate.swift in Sources */ = {isa = PBXBuildFile; fileRef = BA0AE09725C4CB1600FBE2EC /* AppDelegate.swift */; };
		BA0AE09A25C4CB1600FBE2EC /* SceneDelegate.swift in Sources */ = {isa = PBXBuildFile; fileRef = BA0AE09925C4CB1600FBE2EC /* SceneDelegate.swift */; };
		BA0AE09C25C4CB1600FBE2EC /* PastTripsViewController.swift in Sources */ = {isa = PBXBuildFile; fileRef = BA0AE09B25C4CB1600FBE2EC /* PastTripsViewController.swift */; };
		BA0AE09F25C4CB1700FBE2EC /* Main.storyboard in Resources */ = {isa = PBXBuildFile; fileRef = BA0AE09D25C4CB1700FBE2EC /* Main.storyboard */; };
		BA0AE0A225C4CB1700FBE2EC /* TripTracker.xcdatamodeld in Sources */ = {isa = PBXBuildFile; fileRef = BA0AE0A025C4CB1700FBE2EC /* TripTracker.xcdatamodeld */; };
		BA0AE0A425C4CB1B00FBE2EC /* Assets.xcassets in Resources */ = {isa = PBXBuildFile; fileRef = BA0AE0A325C4CB1B00FBE2EC /* Assets.xcassets */; };
		BA0AE0A725C4CB1B00FBE2EC /* LaunchScreen.storyboard in Resources */ = {isa = PBXBuildFile; fileRef = BA0AE0A525C4CB1B00FBE2EC /* LaunchScreen.storyboard */; };
		BA0AE0B125C4CEEA00FBE2EC /* AddTripViewController.swift in Sources */ = {isa = PBXBuildFile; fileRef = BA0AE0B025C4CEEA00FBE2EC /* AddTripViewController.swift */; };
		BA0AE0B525C5D16B00FBE2EC /* LocationManager.swift in Sources */ = {isa = PBXBuildFile; fileRef = BA0AE0B425C5D16B00FBE2EC /* LocationManager.swift */; };
		BA0AE0C825C5EB9E00FBE2EC /* PastTripsViewController.swift in Sources */ = {isa = PBXBuildFile; fileRef = BA0AE09B25C4CB1600FBE2EC /* PastTripsViewController.swift */; };
		BA0AE0C925C5EBA900FBE2EC /* SceneDelegate.swift in Sources */ = {isa = PBXBuildFile; fileRef = BA0AE09925C4CB1600FBE2EC /* SceneDelegate.swift */; };
		BA0AE0CA25C5EBAD00FBE2EC /* LocationManager.swift in Sources */ = {isa = PBXBuildFile; fileRef = BA0AE0B425C5D16B00FBE2EC /* LocationManager.swift */; };
		BA0AE0CC25C5EBB200FBE2EC /* AddTripViewController.swift in Sources */ = {isa = PBXBuildFile; fileRef = BA0AE0B025C4CEEA00FBE2EC /* AddTripViewController.swift */; };
		BA170D7525C6917100619AEB /* TripTracker.xcdatamodeld in Sources */ = {isa = PBXBuildFile; fileRef = BA0AE0A025C4CB1700FBE2EC /* TripTracker.xcdatamodeld */; };
		BA170D7725C72C1700619AEB /* CoreDataStack.swift in Sources */ = {isa = PBXBuildFile; fileRef = BA170D7625C72C1700619AEB /* CoreDataStack.swift */; };
		BA170D7925C72DD300619AEB /* TripService.swift in Sources */ = {isa = PBXBuildFile; fileRef = BA170D7825C72DD300619AEB /* TripService.swift */; };
		BA170D7B25C7388800619AEB /* RootViewController.swift in Sources */ = {isa = PBXBuildFile; fileRef = BA170D7A25C7388800619AEB /* RootViewController.swift */; };
		BADD987125C5F09200E9A8FD /* AppDelegate.swift in Sources */ = {isa = PBXBuildFile; fileRef = BA0AE09725C4CB1600FBE2EC /* AppDelegate.swift */; };
		BADD987625C6105200E9A8FD /* Main.storyboard in Resources */ = {isa = PBXBuildFile; fileRef = BA0AE09D25C4CB1700FBE2EC /* Main.storyboard */; };
		BADD987825C6128600E9A8FD /* PastTripTableViewCell.swift in Sources */ = {isa = PBXBuildFile; fileRef = BADD987725C6128600E9A8FD /* PastTripTableViewCell.swift */; };
		BADD987A25C6379E00E9A8FD /* LocationManagerTests.swift in Sources */ = {isa = PBXBuildFile; fileRef = BADD987925C6379E00E9A8FD /* LocationManagerTests.swift */; };
		BADD987B25C6382600E9A8FD /* PastTripTableViewCell.swift in Sources */ = {isa = PBXBuildFile; fileRef = BADD987725C6128600E9A8FD /* PastTripTableViewCell.swift */; };
		BADD987D25C641C300E9A8FD /* AddTripViewControllerTest.swift in Sources */ = {isa = PBXBuildFile; fileRef = BADD987C25C641C300E9A8FD /* AddTripViewControllerTest.swift */; };
		BADD987F25C65F8F00E9A8FD /* TripTracker.swift in Sources */ = {isa = PBXBuildFile; fileRef = BADD987E25C65F8F00E9A8FD /* TripTracker.swift */; };
		BADD988025C6612B00E9A8FD /* TripTracker.swift in Sources */ = {isa = PBXBuildFile; fileRef = BADD987E25C65F8F00E9A8FD /* TripTracker.swift */; };
/* End PBXBuildFile section */

/* Begin PBXContainerItemProxy section */
		BA0AE0C325C5E3C800FBE2EC /* PBXContainerItemProxy */ = {
			isa = PBXContainerItemProxy;
			containerPortal = BA0AE08C25C4CB1600FBE2EC /* Project object */;
			proxyType = 1;
			remoteGlobalIDString = BA0AE09325C4CB1600FBE2EC;
			remoteInfo = TripTracker;
		};
/* End PBXContainerItemProxy section */

/* Begin PBXFileReference section */
		BA0AE09425C4CB1600FBE2EC /* TripTracker.app */ = {isa = PBXFileReference; explicitFileType = wrapper.application; includeInIndex = 0; path = TripTracker.app; sourceTree = BUILT_PRODUCTS_DIR; };
		BA0AE09725C4CB1600FBE2EC /* AppDelegate.swift */ = {isa = PBXFileReference; lastKnownFileType = sourcecode.swift; path = AppDelegate.swift; sourceTree = "<group>"; };
		BA0AE09925C4CB1600FBE2EC /* SceneDelegate.swift */ = {isa = PBXFileReference; lastKnownFileType = sourcecode.swift; path = SceneDelegate.swift; sourceTree = "<group>"; };
		BA0AE09B25C4CB1600FBE2EC /* PastTripsViewController.swift */ = {isa = PBXFileReference; lastKnownFileType = sourcecode.swift; path = PastTripsViewController.swift; sourceTree = "<group>"; };
		BA0AE09E25C4CB1700FBE2EC /* Base */ = {isa = PBXFileReference; lastKnownFileType = file.storyboard; name = Base; path = Base.lproj/Main.storyboard; sourceTree = "<group>"; };
		BA0AE0A125C4CB1700FBE2EC /* TripTracker.xcdatamodel */ = {isa = PBXFileReference; lastKnownFileType = wrapper.xcdatamodel; path = TripTracker.xcdatamodel; sourceTree = "<group>"; };
		BA0AE0A325C4CB1B00FBE2EC /* Assets.xcassets */ = {isa = PBXFileReference; lastKnownFileType = folder.assetcatalog; path = Assets.xcassets; sourceTree = "<group>"; };
		BA0AE0A625C4CB1B00FBE2EC /* Base */ = {isa = PBXFileReference; lastKnownFileType = file.storyboard; name = Base; path = Base.lproj/LaunchScreen.storyboard; sourceTree = "<group>"; };
		BA0AE0A825C4CB1B00FBE2EC /* Info.plist */ = {isa = PBXFileReference; lastKnownFileType = text.plist.xml; path = Info.plist; sourceTree = "<group>"; };
		BA0AE0B025C4CEEA00FBE2EC /* AddTripViewController.swift */ = {isa = PBXFileReference; lastKnownFileType = sourcecode.swift; path = AddTripViewController.swift; sourceTree = "<group>"; };
		BA0AE0B425C5D16B00FBE2EC /* LocationManager.swift */ = {isa = PBXFileReference; lastKnownFileType = sourcecode.swift; path = LocationManager.swift; sourceTree = "<group>"; };
		BA0AE0BE25C5E3C800FBE2EC /* TripTrackerTests.xctest */ = {isa = PBXFileReference; explicitFileType = wrapper.cfbundle; includeInIndex = 0; path = TripTrackerTests.xctest; sourceTree = BUILT_PRODUCTS_DIR; };
		BA0AE0C225C5E3C800FBE2EC /* Info.plist */ = {isa = PBXFileReference; lastKnownFileType = text.plist.xml; path = Info.plist; sourceTree = "<group>"; };
		BA170D7625C72C1700619AEB /* CoreDataStack.swift */ = {isa = PBXFileReference; lastKnownFileType = sourcecode.swift; path = CoreDataStack.swift; sourceTree = "<group>"; };
		BA170D7825C72DD300619AEB /* TripService.swift */ = {isa = PBXFileReference; lastKnownFileType = sourcecode.swift; path = TripService.swift; sourceTree = "<group>"; };
		BA170D7A25C7388800619AEB /* RootViewController.swift */ = {isa = PBXFileReference; lastKnownFileType = sourcecode.swift; path = RootViewController.swift; sourceTree = "<group>"; };
		BADD987725C6128600E9A8FD /* PastTripTableViewCell.swift */ = {isa = PBXFileReference; lastKnownFileType = sourcecode.swift; path = PastTripTableViewCell.swift; sourceTree = "<group>"; };
		BADD987925C6379E00E9A8FD /* LocationManagerTests.swift */ = {isa = PBXFileReference; lastKnownFileType = sourcecode.swift; path = LocationManagerTests.swift; sourceTree = "<group>"; };
		BADD987C25C641C300E9A8FD /* AddTripViewControllerTest.swift */ = {isa = PBXFileReference; lastKnownFileType = sourcecode.swift; path = AddTripViewControllerTest.swift; sourceTree = "<group>"; };
		BADD987E25C65F8F00E9A8FD /* TripTracker.swift */ = {isa = PBXFileReference; lastKnownFileType = sourcecode.swift; path = TripTracker.swift; sourceTree = "<group>"; };
/* End PBXFileReference section */

/* Begin PBXFrameworksBuildPhase section */
		BA0AE09125C4CB1600FBE2EC /* Frameworks */ = {
			isa = PBXFrameworksBuildPhase;
			buildActionMask = 2147483647;
			files = (
			);
			runOnlyForDeploymentPostprocessing = 0;
		};
		BA0AE0BB25C5E3C800FBE2EC /* Frameworks */ = {
			isa = PBXFrameworksBuildPhase;
			buildActionMask = 2147483647;
			files = (
			);
			runOnlyForDeploymentPostprocessing = 0;
		};
/* End PBXFrameworksBuildPhase section */

/* Begin PBXGroup section */
		BA0AE08B25C4CB1600FBE2EC = {
			isa = PBXGroup;
			children = (
				BA0AE09625C4CB1600FBE2EC /* TripTracker */,
				BA0AE0BF25C5E3C800FBE2EC /* TripTrackerTests */,
				BA0AE09525C4CB1600FBE2EC /* Products */,
			);
			sourceTree = "<group>";
		};
		BA0AE09525C4CB1600FBE2EC /* Products */ = {
			isa = PBXGroup;
			children = (
				BA0AE09425C4CB1600FBE2EC /* TripTracker.app */,
				BA0AE0BE25C5E3C800FBE2EC /* TripTrackerTests.xctest */,
			);
			name = Products;
			sourceTree = "<group>";
		};
		BA0AE09625C4CB1600FBE2EC /* TripTracker */ = {
			isa = PBXGroup;
			children = (
				BA0AE09725C4CB1600FBE2EC /* AppDelegate.swift */,
				BA0AE09925C4CB1600FBE2EC /* SceneDelegate.swift */,
				BADD988225C6785600E9A8FD /* ViewControllers */,
				BADD988325C6787700E9A8FD /* Managers */,
				BADD988125C6784A00E9A8FD /* Models */,
				BADD988425C6788400E9A8FD /* Views */,
				BADD988525C6788A00E9A8FD /* InfoPlist */,
				BADD988625C6789400E9A8FD /* CoreDataModel */,
			);
			path = TripTracker;
			sourceTree = "<group>";
		};
		BA0AE0BF25C5E3C800FBE2EC /* TripTrackerTests */ = {
			isa = PBXGroup;
			children = (
				BA0AE0C225C5E3C800FBE2EC /* Info.plist */,
				BADD987925C6379E00E9A8FD /* LocationManagerTests.swift */,
				BADD987C25C641C300E9A8FD /* AddTripViewControllerTest.swift */,
			);
			path = TripTrackerTests;
			sourceTree = "<group>";
		};
		BADD988125C6784A00E9A8FD /* Models */ = {
			isa = PBXGroup;
			children = (
				BADD987E25C65F8F00E9A8FD /* TripTracker.swift */,
			);
			path = Models;
			sourceTree = "<group>";
		};
		BADD988225C6785600E9A8FD /* ViewControllers */ = {
			isa = PBXGroup;
			children = (
				BA0AE0B025C4CEEA00FBE2EC /* AddTripViewController.swift */,
				BA0AE09B25C4CB1600FBE2EC /* PastTripsViewController.swift */,
				BADD987725C6128600E9A8FD /* PastTripTableViewCell.swift */,
				BA170D7A25C7388800619AEB /* RootViewController.swift */,
			);
			path = ViewControllers;
			sourceTree = "<group>";
		};
		BADD988325C6787700E9A8FD /* Managers */ = {
			isa = PBXGroup;
			children = (
				BA0AE0B425C5D16B00FBE2EC /* LocationManager.swift */,
				BA170D7625C72C1700619AEB /* CoreDataStack.swift */,
				BA170D7825C72DD300619AEB /* TripService.swift */,
			);
			path = Managers;
			sourceTree = "<group>";
		};
		BADD988425C6788400E9A8FD /* Views */ = {
			isa = PBXGroup;
			children = (
				BA0AE09D25C4CB1700FBE2EC /* Main.storyboard */,
				BA0AE0A325C4CB1B00FBE2EC /* Assets.xcassets */,
				BA0AE0A525C4CB1B00FBE2EC /* LaunchScreen.storyboard */,
			);
			path = Views;
			sourceTree = "<group>";
		};
		BADD988525C6788A00E9A8FD /* InfoPlist */ = {
			isa = PBXGroup;
			children = (
				BA0AE0A825C4CB1B00FBE2EC /* Info.plist */,
			);
			path = InfoPlist;
			sourceTree = "<group>";
		};
		BADD988625C6789400E9A8FD /* CoreDataModel */ = {
			isa = PBXGroup;
			children = (
				BA0AE0A025C4CB1700FBE2EC /* TripTracker.xcdatamodeld */,
			);
			path = CoreDataModel;
			sourceTree = "<group>";
		};
/* End PBXGroup section */

/* Begin PBXNativeTarget section */
		BA0AE09325C4CB1600FBE2EC /* TripTracker */ = {
			isa = PBXNativeTarget;
			buildConfigurationList = BA0AE0AB25C4CB1B00FBE2EC /* Build configuration list for PBXNativeTarget "TripTracker" */;
			buildPhases = (
				BA0AE09025C4CB1600FBE2EC /* Sources */,
				BA0AE09125C4CB1600FBE2EC /* Frameworks */,
				BA0AE09225C4CB1600FBE2EC /* Resources */,
			);
			buildRules = (
			);
			dependencies = (
			);
			name = TripTracker;
			productName = TripTracker;
			productReference = BA0AE09425C4CB1600FBE2EC /* TripTracker.app */;
			productType = "com.apple.product-type.application";
		};
		BA0AE0BD25C5E3C800FBE2EC /* TripTrackerTests */ = {
			isa = PBXNativeTarget;
			buildConfigurationList = BA0AE0C525C5E3C800FBE2EC /* Build configuration list for PBXNativeTarget "TripTrackerTests" */;
			buildPhases = (
				BA0AE0BA25C5E3C800FBE2EC /* Sources */,
				BA0AE0BB25C5E3C800FBE2EC /* Frameworks */,
				BA0AE0BC25C5E3C800FBE2EC /* Resources */,
			);
			buildRules = (
			);
			dependencies = (
				BA0AE0C425C5E3C800FBE2EC /* PBXTargetDependency */,
			);
			name = TripTrackerTests;
			productName = TripTrackerTests;
			productReference = BA0AE0BE25C5E3C800FBE2EC /* TripTrackerTests.xctest */;
			productType = "com.apple.product-type.bundle.unit-test";
		};
/* End PBXNativeTarget section */

/* Begin PBXProject section */
		BA0AE08C25C4CB1600FBE2EC /* Project object */ = {
			isa = PBXProject;
			attributes = {
				LastSwiftUpdateCheck = 1160;
				LastUpgradeCheck = 1160;
				ORGANIZATIONNAME = "Amber Spadafora";
				TargetAttributes = {
					BA0AE09325C4CB1600FBE2EC = {
						CreatedOnToolsVersion = 11.6;
					};
					BA0AE0BD25C5E3C800FBE2EC = {
						CreatedOnToolsVersion = 11.6;
						TestTargetID = BA0AE09325C4CB1600FBE2EC;
					};
				};
			};
			buildConfigurationList = BA0AE08F25C4CB1600FBE2EC /* Build configuration list for PBXProject "TripTracker" */;
			compatibilityVersion = "Xcode 9.3";
			developmentRegion = en;
			hasScannedForEncodings = 0;
			knownRegions = (
				en,
				Base,
			);
			mainGroup = BA0AE08B25C4CB1600FBE2EC;
			productRefGroup = BA0AE09525C4CB1600FBE2EC /* Products */;
			projectDirPath = "";
			projectRoot = "";
			targets = (
				BA0AE09325C4CB1600FBE2EC /* TripTracker */,
				BA0AE0BD25C5E3C800FBE2EC /* TripTrackerTests */,
			);
		};
/* End PBXProject section */

/* Begin PBXResourcesBuildPhase section */
		BA0AE09225C4CB1600FBE2EC /* Resources */ = {
			isa = PBXResourcesBuildPhase;
			buildActionMask = 2147483647;
			files = (
				BA0AE0A725C4CB1B00FBE2EC /* LaunchScreen.storyboard in Resources */,
				BA0AE0A425C4CB1B00FBE2EC /* Assets.xcassets in Resources */,
				BA0AE09F25C4CB1700FBE2EC /* Main.storyboard in Resources */,
			);
			runOnlyForDeploymentPostprocessing = 0;
		};
		BA0AE0BC25C5E3C800FBE2EC /* Resources */ = {
			isa = PBXResourcesBuildPhase;
			buildActionMask = 2147483647;
			files = (
				BADD987625C6105200E9A8FD /* Main.storyboard in Resources */,
			);
			runOnlyForDeploymentPostprocessing = 0;
		};
/* End PBXResourcesBuildPhase section */

/* Begin PBXSourcesBuildPhase section */
		BA0AE09025C4CB1600FBE2EC /* Sources */ = {
			isa = PBXSourcesBuildPhase;
			buildActionMask = 2147483647;
			files = (
				BADD987825C6128600E9A8FD /* PastTripTableViewCell.swift in Sources */,
				BA0AE09C25C4CB1600FBE2EC /* PastTripsViewController.swift in Sources */,
				BA0AE09825C4CB1600FBE2EC /* AppDelegate.swift in Sources */,
				BA170D7B25C7388800619AEB /* RootViewController.swift in Sources */,
				BA170D7725C72C1700619AEB /* CoreDataStack.swift in Sources */,
				BA170D7925C72DD300619AEB /* TripService.swift in Sources */,
				BA0AE0B525C5D16B00FBE2EC /* LocationManager.swift in Sources */,
				BA0AE09A25C4CB1600FBE2EC /* SceneDelegate.swift in Sources */,
				BA0AE0A225C4CB1700FBE2EC /* TripTracker.xcdatamodeld in Sources */,
				BA0AE0B125C4CEEA00FBE2EC /* AddTripViewController.swift in Sources */,
				BADD987F25C65F8F00E9A8FD /* TripTracker.swift in Sources */,
			);
			runOnlyForDeploymentPostprocessing = 0;
		};
		BA0AE0BA25C5E3C800FBE2EC /* Sources */ = {
			isa = PBXSourcesBuildPhase;
			buildActionMask = 2147483647;
			files = (
				BADD987A25C6379E00E9A8FD /* LocationManagerTests.swift in Sources */,
				BADD987D25C641C300E9A8FD /* AddTripViewControllerTest.swift in Sources */,
				BADD987125C5F09200E9A8FD /* AppDelegate.swift in Sources */,
				BA0AE0C825C5EB9E00FBE2EC /* PastTripsViewController.swift in Sources */,
				BADD987B25C6382600E9A8FD /* PastTripTableViewCell.swift in Sources */,
				BA0AE0CA25C5EBAD00FBE2EC /* LocationManager.swift in Sources */,
				BA0AE0C925C5EBA900FBE2EC /* SceneDelegate.swift in Sources */,
				BA170D7525C6917100619AEB /* TripTracker.xcdatamodeld in Sources */,
				BA0AE0CC25C5EBB200FBE2EC /* AddTripViewController.swift in Sources */,
				BADD988025C6612B00E9A8FD /* TripTracker.swift in Sources */,
			);
			runOnlyForDeploymentPostprocessing = 0;
		};
/* End PBXSourcesBuildPhase section */

/* Begin PBXTargetDependency section */
		BA0AE0C425C5E3C800FBE2EC /* PBXTargetDependency */ = {
			isa = PBXTargetDependency;
			target = BA0AE09325C4CB1600FBE2EC /* TripTracker */;
			targetProxy = BA0AE0C325C5E3C800FBE2EC /* PBXContainerItemProxy */;
		};
/* End PBXTargetDependency section */

/* Begin PBXVariantGroup section */
		BA0AE09D25C4CB1700FBE2EC /* Main.storyboard */ = {
			isa = PBXVariantGroup;
			children = (
				BA0AE09E25C4CB1700FBE2EC /* Base */,
			);
			name = Main.storyboard;
			sourceTree = "<group>";
		};
		BA0AE0A525C4CB1B00FBE2EC /* LaunchScreen.storyboard */ = {
			isa = PBXVariantGroup;
			children = (
				BA0AE0A625C4CB1B00FBE2EC /* Base */,
			);
			name = LaunchScreen.storyboard;
			sourceTree = "<group>";
		};
/* End PBXVariantGroup section */

/* Begin XCBuildConfiguration section */
		BA0AE0A925C4CB1B00FBE2EC /* Debug */ = {
			isa = XCBuildConfiguration;
			buildSettings = {
				ALWAYS_SEARCH_USER_PATHS = NO;
				CLANG_ANALYZER_NONNULL = YES;
				CLANG_ANALYZER_NUMBER_OBJECT_CONVERSION = YES_AGGRESSIVE;
				CLANG_CXX_LANGUAGE_STANDARD = "gnu++14";
				CLANG_CXX_LIBRARY = "libc++";
				CLANG_ENABLE_MODULES = YES;
				CLANG_ENABLE_OBJC_ARC = YES;
				CLANG_ENABLE_OBJC_WEAK = YES;
				CLANG_WARN_BLOCK_CAPTURE_AUTORELEASING = YES;
				CLANG_WARN_BOOL_CONVERSION = YES;
				CLANG_WARN_COMMA = YES;
				CLANG_WARN_CONSTANT_CONVERSION = YES;
				CLANG_WARN_DEPRECATED_OBJC_IMPLEMENTATIONS = YES;
				CLANG_WARN_DIRECT_OBJC_ISA_USAGE = YES_ERROR;
				CLANG_WARN_DOCUMENTATION_COMMENTS = YES;
				CLANG_WARN_EMPTY_BODY = YES;
				CLANG_WARN_ENUM_CONVERSION = YES;
				CLANG_WARN_INFINITE_RECURSION = YES;
				CLANG_WARN_INT_CONVERSION = YES;
				CLANG_WARN_NON_LITERAL_NULL_CONVERSION = YES;
				CLANG_WARN_OBJC_IMPLICIT_RETAIN_SELF = YES;
				CLANG_WARN_OBJC_LITERAL_CONVERSION = YES;
				CLANG_WARN_OBJC_ROOT_CLASS = YES_ERROR;
				CLANG_WARN_RANGE_LOOP_ANALYSIS = YES;
				CLANG_WARN_STRICT_PROTOTYPES = YES;
				CLANG_WARN_SUSPICIOUS_MOVE = YES;
				CLANG_WARN_UNGUARDED_AVAILABILITY = YES_AGGRESSIVE;
				CLANG_WARN_UNREACHABLE_CODE = YES;
				CLANG_WARN__DUPLICATE_METHOD_MATCH = YES;
				COPY_PHASE_STRIP = NO;
				DEBUG_INFORMATION_FORMAT = dwarf;
				ENABLE_STRICT_OBJC_MSGSEND = YES;
				ENABLE_TESTABILITY = YES;
				GCC_C_LANGUAGE_STANDARD = gnu11;
				GCC_DYNAMIC_NO_PIC = NO;
				GCC_NO_COMMON_BLOCKS = YES;
				GCC_OPTIMIZATION_LEVEL = 0;
				GCC_PREPROCESSOR_DEFINITIONS = (
					"DEBUG=1",
					"$(inherited)",
				);
				GCC_WARN_64_TO_32_BIT_CONVERSION = YES;
				GCC_WARN_ABOUT_RETURN_TYPE = YES_ERROR;
				GCC_WARN_UNDECLARED_SELECTOR = YES;
				GCC_WARN_UNINITIALIZED_AUTOS = YES_AGGRESSIVE;
				GCC_WARN_UNUSED_FUNCTION = YES;
				GCC_WARN_UNUSED_VARIABLE = YES;
				IPHONEOS_DEPLOYMENT_TARGET = 13.6;
				MTL_ENABLE_DEBUG_INFO = INCLUDE_SOURCE;
				MTL_FAST_MATH = YES;
				ONLY_ACTIVE_ARCH = YES;
				SDKROOT = iphoneos;
				SWIFT_ACTIVE_COMPILATION_CONDITIONS = DEBUG;
				SWIFT_OPTIMIZATION_LEVEL = "-Onone";
			};
			name = Debug;
		};
		BA0AE0AA25C4CB1B00FBE2EC /* Release */ = {
			isa = XCBuildConfiguration;
			buildSettings = {
				ALWAYS_SEARCH_USER_PATHS = NO;
				CLANG_ANALYZER_NONNULL = YES;
				CLANG_ANALYZER_NUMBER_OBJECT_CONVERSION = YES_AGGRESSIVE;
				CLANG_CXX_LANGUAGE_STANDARD = "gnu++14";
				CLANG_CXX_LIBRARY = "libc++";
				CLANG_ENABLE_MODULES = YES;
				CLANG_ENABLE_OBJC_ARC = YES;
				CLANG_ENABLE_OBJC_WEAK = YES;
				CLANG_WARN_BLOCK_CAPTURE_AUTORELEASING = YES;
				CLANG_WARN_BOOL_CONVERSION = YES;
				CLANG_WARN_COMMA = YES;
				CLANG_WARN_CONSTANT_CONVERSION = YES;
				CLANG_WARN_DEPRECATED_OBJC_IMPLEMENTATIONS = YES;
				CLANG_WARN_DIRECT_OBJC_ISA_USAGE = YES_ERROR;
				CLANG_WARN_DOCUMENTATION_COMMENTS = YES;
				CLANG_WARN_EMPTY_BODY = YES;
				CLANG_WARN_ENUM_CONVERSION = YES;
				CLANG_WARN_INFINITE_RECURSION = YES;
				CLANG_WARN_INT_CONVERSION = YES;
				CLANG_WARN_NON_LITERAL_NULL_CONVERSION = YES;
				CLANG_WARN_OBJC_IMPLICIT_RETAIN_SELF = YES;
				CLANG_WARN_OBJC_LITERAL_CONVERSION = YES;
				CLANG_WARN_OBJC_ROOT_CLASS = YES_ERROR;
				CLANG_WARN_RANGE_LOOP_ANALYSIS = YES;
				CLANG_WARN_STRICT_PROTOTYPES = YES;
				CLANG_WARN_SUSPICIOUS_MOVE = YES;
				CLANG_WARN_UNGUARDED_AVAILABILITY = YES_AGGRESSIVE;
				CLANG_WARN_UNREACHABLE_CODE = YES;
				CLANG_WARN__DUPLICATE_METHOD_MATCH = YES;
				COPY_PHASE_STRIP = NO;
				DEBUG_INFORMATION_FORMAT = "dwarf-with-dsym";
				ENABLE_NS_ASSERTIONS = NO;
				ENABLE_STRICT_OBJC_MSGSEND = YES;
				GCC_C_LANGUAGE_STANDARD = gnu11;
				GCC_NO_COMMON_BLOCKS = YES;
				GCC_WARN_64_TO_32_BIT_CONVERSION = YES;
				GCC_WARN_ABOUT_RETURN_TYPE = YES_ERROR;
				GCC_WARN_UNDECLARED_SELECTOR = YES;
				GCC_WARN_UNINITIALIZED_AUTOS = YES_AGGRESSIVE;
				GCC_WARN_UNUSED_FUNCTION = YES;
				GCC_WARN_UNUSED_VARIABLE = YES;
				IPHONEOS_DEPLOYMENT_TARGET = 13.6;
				MTL_ENABLE_DEBUG_INFO = NO;
				MTL_FAST_MATH = YES;
				SDKROOT = iphoneos;
				SWIFT_COMPILATION_MODE = wholemodule;
				SWIFT_OPTIMIZATION_LEVEL = "-O";
				VALIDATE_PRODUCT = YES;
			};
			name = Release;
		};
		BA0AE0AC25C4CB1B00FBE2EC /* Debug */ = {
			isa = XCBuildConfiguration;
			buildSettings = {
				ASSETCATALOG_COMPILER_APPICON_NAME = AppIcon;
				CODE_SIGN_STYLE = Automatic;
				INFOPLIST_FILE = TripTracker/InfoPlist/Info.plist;
				LD_RUNPATH_SEARCH_PATHS = (
					"$(inherited)",
					"@executable_path/Frameworks",
				);
				PRODUCT_BUNDLE_IDENTIFIER = aspadafora.TripTracker;
				PRODUCT_NAME = "$(TARGET_NAME)";
				SWIFT_VERSION = 5.0;
				TARGETED_DEVICE_FAMILY = "1,2";
			};
			name = Debug;
		};
		BA0AE0AD25C4CB1B00FBE2EC /* Release */ = {
			isa = XCBuildConfiguration;
			buildSettings = {
				ASSETCATALOG_COMPILER_APPICON_NAME = AppIcon;
				CODE_SIGN_STYLE = Automatic;
				INFOPLIST_FILE = TripTracker/InfoPlist/Info.plist;
				LD_RUNPATH_SEARCH_PATHS = (
					"$(inherited)",
					"@executable_path/Frameworks",
				);
				PRODUCT_BUNDLE_IDENTIFIER = aspadafora.TripTracker;
				PRODUCT_NAME = "$(TARGET_NAME)";
				SWIFT_VERSION = 5.0;
				TARGETED_DEVICE_FAMILY = "1,2";
			};
			name = Release;
		};
		BA0AE0C625C5E3C800FBE2EC /* Debug */ = {
			isa = XCBuildConfiguration;
			buildSettings = {
				BUNDLE_LOADER = "$(TEST_HOST)";
				CODE_SIGN_STYLE = Automatic;
				INFOPLIST_FILE = TripTrackerTests/Info.plist;
				LD_RUNPATH_SEARCH_PATHS = (
					"$(inherited)",
					"@executable_path/Frameworks",
					"@loader_path/Frameworks",
				);
				PRODUCT_BUNDLE_IDENTIFIER = aspadafora.TripTrackerTests;
				PRODUCT_NAME = "$(TARGET_NAME)";
				SWIFT_VERSION = 5.0;
				TARGETED_DEVICE_FAMILY = "1,2";
				TEST_HOST = "$(BUILT_PRODUCTS_DIR)/TripTracker.app/TripTracker";
			};
			name = Debug;
		};
		BA0AE0C725C5E3C800FBE2EC /* Release */ = {
			isa = XCBuildConfiguration;
			buildSettings = {
				BUNDLE_LOADER = "$(TEST_HOST)";
				CODE_SIGN_STYLE = Automatic;
				INFOPLIST_FILE = TripTrackerTests/Info.plist;
				LD_RUNPATH_SEARCH_PATHS = (
					"$(inherited)",
					"@executable_path/Frameworks",
					"@loader_path/Frameworks",
				);
				PRODUCT_BUNDLE_IDENTIFIER = aspadafora.TripTrackerTests;
				PRODUCT_NAME = "$(TARGET_NAME)";
				SWIFT_VERSION = 5.0;
				TARGETED_DEVICE_FAMILY = "1,2";
				TEST_HOST = "$(BUILT_PRODUCTS_DIR)/TripTracker.app/TripTracker";
			};
			name = Release;
		};
/* End XCBuildConfiguration section */

/* Begin XCConfigurationList section */
		BA0AE08F25C4CB1600FBE2EC /* Build configuration list for PBXProject "TripTracker" */ = {
			isa = XCConfigurationList;
			buildConfigurations = (
				BA0AE0A925C4CB1B00FBE2EC /* Debug */,
				BA0AE0AA25C4CB1B00FBE2EC /* Release */,
			);
			defaultConfigurationIsVisible = 0;
			defaultConfigurationName = Release;
		};
		BA0AE0AB25C4CB1B00FBE2EC /* Build configuration list for PBXNativeTarget "TripTracker" */ = {
			isa = XCConfigurationList;
			buildConfigurations = (
				BA0AE0AC25C4CB1B00FBE2EC /* Debug */,
				BA0AE0AD25C4CB1B00FBE2EC /* Release */,
			);
			defaultConfigurationIsVisible = 0;
			defaultConfigurationName = Release;
		};
		BA0AE0C525C5E3C800FBE2EC /* Build configuration list for PBXNativeTarget "TripTrackerTests" */ = {
			isa = XCConfigurationList;
			buildConfigurations = (
				BA0AE0C625C5E3C800FBE2EC /* Debug */,
				BA0AE0C725C5E3C800FBE2EC /* Release */,
			);
			defaultConfigurationIsVisible = 0;
			defaultConfigurationName = Release;
		};
/* End XCConfigurationList section */

/* Begin XCVersionGroup section */
		BA0AE0A025C4CB1700FBE2EC /* TripTracker.xcdatamodeld */ = {
			isa = XCVersionGroup;
			children = (
				BA0AE0A125C4CB1700FBE2EC /* TripTracker.xcdatamodel */,
			);
			currentVersion = BA0AE0A125C4CB1700FBE2EC /* TripTracker.xcdatamodel */;
			path = TripTracker.xcdatamodeld;
			sourceTree = "<group>";
			versionGroupType = wrapper.xcdatamodel;
		};
/* End XCVersionGroup section */
	};
	rootObject = BA0AE08C25C4CB1600FBE2EC /* Project object */;
}
